
Microsoft Visual Studio Solution File, Format Version 12.00
# Visual Studio 15
Project("{FAE04EC0-301F-11D3-BF4B-00C04F79EFBC}") = "Assembly-CSharp-Editor", "Assembly-CSharp-Editor.csproj", "{60E20E94-4134-2C6B-12D0-F4300F6A35E5}"
EndProject
Project("{FAE04EC0-301F-11D3-BF4B-00C04F79EFBC}") = "Assembly-CSharp", "Assembly-CSharp.csproj", "{A045EB82-6C7F-1227-D4BB-BDF93B1C5C39}"
EndProject
Global
	GlobalSection(SolutionConfigurationPlatforms) = preSolution
		Debug|Any CPU = Debug|Any CPU
		Release|Any CPU = Release|Any CPU
	EndGlobalSection
	GlobalSection(ProjectConfigurationPlatforms) = postSolution
		{60E20E94-4134-2C6B-12D0-F4300F6A35E5}.Debug|Any CPU.ActiveCfg = Debug|Any CPU
		{60E20E94-4134-2C6B-12D0-F4300F6A35E5}.Debug|Any CPU.Build.0 = Debug|Any CPU
		{60E20E94-4134-2C6B-12D0-F4300F6A35E5}.Release|Any CPU.ActiveCfg = Release|Any CPU
		{60E20E94-4134-2C6B-12D0-F4300F6A35E5}.Release|Any CPU.Build.0 = Release|Any CPU
		{A045EB82-6C7F-1227-D4BB-BDF93B1C5C39}.Debug|Any CPU.ActiveCfg = Debug|Any CPU
		{A045EB82-6C7F-1227-D4BB-BDF93B1C5C39}.Debug|Any CPU.Build.0 = Debug|Any CPU
		{A045EB82-6C7F-1227-D4BB-BDF93B1C5C39}.Release|Any CPU.ActiveCfg = Release|Any CPU
		{A045EB82-6C7F-1227-D4BB-BDF93B1C5C39}.Release|Any CPU.Build.0 = Release|Any CPU
	EndGlobalSection
	GlobalSection(SolutionProperties) = preSolution
		HideSolutionNode = FALSE
	EndGlobalSection
EndGlobal
